
Microsoft Visual Studio Solution File, Format Version 12.00
# Visual Studio Version 16
VisualStudioVersion = 16.0.29509.3
MinimumVisualStudioVersion = 10.0.40219.1
Project("{FAE04EC0-301F-11D3-BF4B-00C04F79EFBC}") = "AverageOfFour", "AverageOfFour\AverageOfFour.csproj", "{15183FAA-2280-4DBC-A83A-EDAD79727DCF}"
EndProject
Global
	GlobalSection(SolutionConfigurationPlatforms) = preSolution
		Debug|Any CPU = Debug|Any CPU
		Release|Any CPU = Release|Any CPU
	EndGlobalSection
	GlobalSection(ProjectConfigurationPlatforms) = postSolution
		{15183FAA-2280-4DBC-A83A-EDAD79727DCF}.Debug|Any CPU.ActiveCfg = Debug|Any CPU
		{15183FAA-2280-4DBC-A83A-EDAD79727DCF}.Debug|Any CPU.Build.0 = Debug|Any CPU
		{15183FAA-2280-4DBC-A83A-EDAD79727DCF}.Release|Any CPU.ActiveCfg = Release|Any CPU
		{15183FAA-2280-4DBC-A83A-EDAD79727DCF}.Release|Any CPU.Build.0 = Release|Any CPU
	EndGlobalSection
	GlobalSection(SolutionProperties) = preSolution
		HideSolutionNode = FALSE
	EndGlobalSection
	GlobalSection(ExtensibilityGlobals) = postSolution
		SolutionGuid = {7D8682D1-2D15-470E-BA7D-1903D4274016}
	EndGlobalSection
EndGlobal
