
Microsoft Visual Studio Solution File, Format Version 12.00
# Visual Studio Version 17
VisualStudioVersion = 17.14.36408.4 d17.14
MinimumVisualStudioVersion = 10.0.40219.1
Project("{FAE04EC0-301F-11D3-BF4B-00C04F79EFBC}") = "Les06_herhaling", "Les06_herhaling\Les06_herhaling.csproj", "{61629ECE-C575-4C75-B8CF-2491A1DD45B8}"
EndProject
Global
	GlobalSection(SolutionConfigurationPlatforms) = preSolution
		Debug|Any CPU = Debug|Any CPU
		Release|Any CPU = Release|Any CPU
	EndGlobalSection
	GlobalSection(ProjectConfigurationPlatforms) = postSolution
		{61629ECE-C575-4C75-B8CF-2491A1DD45B8}.Debug|Any CPU.ActiveCfg = Debug|Any CPU
		{61629ECE-C575-4C75-B8CF-2491A1DD45B8}.Debug|Any CPU.Build.0 = Debug|Any CPU
		{61629ECE-C575-4C75-B8CF-2491A1DD45B8}.Release|Any CPU.ActiveCfg = Release|Any CPU
		{61629ECE-C575-4C75-B8CF-2491A1DD45B8}.Release|Any CPU.Build.0 = Release|Any CPU
	EndGlobalSection
	GlobalSection(SolutionProperties) = preSolution
		HideSolutionNode = FALSE
	EndGlobalSection
	GlobalSection(ExtensibilityGlobals) = postSolution
		SolutionGuid = {3BD6F9D9-966B-4F65-93F2-8D0A71F5B1F1}
	EndGlobalSection
EndGlobal
