
Microsoft Visual Studio Solution File, Format Version 12.00
# Visual Studio Version 17
VisualStudioVersion = 17.14.36408.4 d17.14
MinimumVisualStudioVersion = 10.0.40219.1
Project("{FAE04EC0-301F-11D3-BF4B-00C04F79EFBC}") = "Les07_loops", "Les07_loops\Les07_loops.csproj", "{16D70C2B-4CD6-4AF5-B43E-0BD51787CF0A}"
EndProject
Global
	GlobalSection(SolutionConfigurationPlatforms) = preSolution
		Debug|Any CPU = Debug|Any CPU
		Release|Any CPU = Release|Any CPU
	EndGlobalSection
	GlobalSection(ProjectConfigurationPlatforms) = postSolution
		{16D70C2B-4CD6-4AF5-B43E-0BD51787CF0A}.Debug|Any CPU.ActiveCfg = Debug|Any CPU
		{16D70C2B-4CD6-4AF5-B43E-0BD51787CF0A}.Debug|Any CPU.Build.0 = Debug|Any CPU
		{16D70C2B-4CD6-4AF5-B43E-0BD51787CF0A}.Release|Any CPU.ActiveCfg = Release|Any CPU
		{16D70C2B-4CD6-4AF5-B43E-0BD51787CF0A}.Release|Any CPU.Build.0 = Release|Any CPU
	EndGlobalSection
	GlobalSection(SolutionProperties) = preSolution
		HideSolutionNode = FALSE
	EndGlobalSection
	GlobalSection(ExtensibilityGlobals) = postSolution
		SolutionGuid = {67414DEC-9FB2-4DCB-A8AB-3427DFFC207A}
	EndGlobalSection
EndGlobal
