
Microsoft Visual Studio Solution File, Format Version 12.00
# Visual Studio Version 17
VisualStudioVersion = 17.14.36408.4 d17.14
MinimumVisualStudioVersion = 10.0.40219.1
Project("{FAE04EC0-301F-11D3-BF4B-00C04F79EFBC}") = "Les02_02", "Les02_02\Les02_02.csproj", "{F6B5A99B-3D4A-48C4-8C5F-8CCA560312FC}"
EndProject
Global
	GlobalSection(SolutionConfigurationPlatforms) = preSolution
		Debug|Any CPU = Debug|Any CPU
		Release|Any CPU = Release|Any CPU
	EndGlobalSection
	GlobalSection(ProjectConfigurationPlatforms) = postSolution
		{F6B5A99B-3D4A-48C4-8C5F-8CCA560312FC}.Debug|Any CPU.ActiveCfg = Debug|Any CPU
		{F6B5A99B-3D4A-48C4-8C5F-8CCA560312FC}.Debug|Any CPU.Build.0 = Debug|Any CPU
		{F6B5A99B-3D4A-48C4-8C5F-8CCA560312FC}.Release|Any CPU.ActiveCfg = Release|Any CPU
		{F6B5A99B-3D4A-48C4-8C5F-8CCA560312FC}.Release|Any CPU.Build.0 = Release|Any CPU
	EndGlobalSection
	GlobalSection(SolutionProperties) = preSolution
		HideSolutionNode = FALSE
	EndGlobalSection
	GlobalSection(ExtensibilityGlobals) = postSolution
		SolutionGuid = {5409C9C6-A0EE-4BBC-BB8B-7ACBD719E970}
	EndGlobalSection
EndGlobal
