
Microsoft Visual Studio Solution File, Format Version 12.00
# Visual Studio Version 17
VisualStudioVersion = 17.7.34202.233
MinimumVisualStudioVersion = 10.0.40219.1
Project("{FAE04EC0-301F-11D3-BF4B-00C04F79EFBC}") = "BmiMethodes", "BmiMethodes\BmiMethodes.csproj", "{1F4D0EFC-5990-4D19-9F59-57B8E88E6C84}"
EndProject
Global
	GlobalSection(SolutionConfigurationPlatforms) = preSolution
		Debug|Any CPU = Debug|Any CPU
		Release|Any CPU = Release|Any CPU
	EndGlobalSection
	GlobalSection(ProjectConfigurationPlatforms) = postSolution
		{1F4D0EFC-5990-4D19-9F59-57B8E88E6C84}.Debug|Any CPU.ActiveCfg = Debug|Any CPU
		{1F4D0EFC-5990-4D19-9F59-57B8E88E6C84}.Debug|Any CPU.Build.0 = Debug|Any CPU
		{1F4D0EFC-5990-4D19-9F59-57B8E88E6C84}.Release|Any CPU.ActiveCfg = Release|Any CPU
		{1F4D0EFC-5990-4D19-9F59-57B8E88E6C84}.Release|Any CPU.Build.0 = Release|Any CPU
	EndGlobalSection
	GlobalSection(SolutionProperties) = preSolution
		HideSolutionNode = FALSE
	EndGlobalSection
	GlobalSection(ExtensibilityGlobals) = postSolution
		SolutionGuid = {50D0C845-0067-4731-B13B-DD98174C9423}
	EndGlobalSection
EndGlobal
